
Microsoft Visual Studio Solution File, Format Version 12.00
# Visual Studio Version 16
VisualStudioVersion = 16.0.29709.97
MinimumVisualStudioVersion = 10.0.40219.1
Project("{FAE04EC0-301F-11D3-BF4B-00C04F79EFBC}") = "RazorPagesMovie", "RazorPagesMovie\RazorPagesMovie.csproj", "{72F1E086-F277-4709-BD76-B17FE8BB0AEC}"
EndProject
Global
	GlobalSection(SolutionConfigurationPlatforms) = preSolution
		Debug|Any CPU = Debug|Any CPU
		Release|Any CPU = Release|Any CPU
	EndGlobalSection
	GlobalSection(ProjectConfigurationPlatforms) = postSolution
		{72F1E086-F277-4709-BD76-B17FE8BB0AEC}.Debug|Any CPU.ActiveCfg = Debug|Any CPU
		{72F1E086-F277-4709-BD76-B17FE8BB0AEC}.Debug|Any CPU.Build.0 = Debug|Any CPU
		{72F1E086-F277-4709-BD76-B17FE8BB0AEC}.Release|Any CPU.ActiveCfg = Release|Any CPU
		{72F1E086-F277-4709-BD76-B17FE8BB0AEC}.Release|Any CPU.Build.0 = Release|Any CPU
	EndGlobalSection
	GlobalSection(SolutionProperties) = preSolution
		HideSolutionNode = FALSE
	EndGlobalSection
	GlobalSection(ExtensibilityGlobals) = postSolution
		SolutionGuid = {E113EBF3-5963-4005-BC49-7B2916D0818E}
	EndGlobalSection
EndGlobal
